hash: d7be61d557b303543f34d72ab09537297fb429c0032fd38126ccd564792d9b0e
updated: 2018-11-17T12:53:52.873872829-08:00
imports:
- name: github.com/codegangsta/cli
  version: b67dcf995b6a7b7f14fad5fcb7cc5441b05e814b
- name: github.com/davecgh/go-spew
  version: 346938d642f2ec3594ed81d874461961cd0faa76
  subpackages:
  - spew
- name: github.com/fatih/color
  version: 3f9d52f7176a6927daacff70a3e8d1dc2025c53e
- name: github.com/ghodss/yaml
  version: 73d445a93680fa1a78ae23a5839bad48f32ba1ee
- name: github.com/gogo/protobuf
  version: 1adfc126b41513cc696b209667c8656ea7aac67c
  subpackages:
  - proto
  - sortkeys
- name: github.com/golang/glog
  version: 44145f04b68cf362d9c4df2182967c2275eaefed
- name: github.com/golang/protobuf
  version: aa810b61a9c79d51363740d207bb46cf8e620ed5
  subpackages:
  - jsonpb
  - proto
  - protoc-gen-go
  - ptypes
  - ptypes/any
  - ptypes/duration
  - ptypes/empty
  - ptypes/struct
  - ptypes/timestamp
- name: github.com/google/btree
  version: 7d79101e329e5a3adf994758c578dab82b90c017
- name: github.com/google/gofuzz
  version: 44d81051d367757e1c7c6a5a86423ece9afcf63c
- name: github.com/googleapis/gnostic
  version: 0c5108395e2debce0d731cf0287ddf7242066aba
  subpackages:
  - OpenAPIv2
  - compiler
  - extensions
- name: github.com/gorilla/handlers
  version: 350d97a79266938cd77a9192b7d995132d4e2b5b
- name: github.com/gregjones/httpcache
  version: 787624de3eb7bd915c329cba748687a3b22666a6
  subpackages:
  - diskcache
- name: github.com/grpc-ecosystem/grpc-gateway
  version: aeab1d96e0f1368d243e2e5f526aa29d495517bb
  subpackages:
  - runtime
  - runtime/internal
  - utilities
- name: github.com/hashicorp/golang-lru
  version: a0d98a5f288019575c6d1f4bb1573fef2d1fcdc4
  subpackages:
  - simplelru
- name: github.com/influxdata/influxdb
  version: a2ba6e7654fb078f8a3f5add1f8d935df38161bd
  subpackages:
  - client/v2
  - models
  - pkg/escape
- name: github.com/json-iterator/go
  version: f2b4162afba35581b6d4a50d3b8f34e33c144682
- name: github.com/jteeuwen/go-bindata
  version: 6025e8de665b31fa74ab1a66f2cddd8c0abf887e
- name: github.com/konsorten/go-windows-terminal-sequences
  version: 5c8c8bd35d3832f5d134ae1e1e375b69a4d25242
- name: github.com/lyft/protoc-gen-validate
  version: 1ffd5e8db575ed8a61c7e0d415af263c39cef1ab
  subpackages:
  - protoc-gen-validate
- name: github.com/mattn/go-colorable
  version: efa589957cd060542a26d2dd7832fd6a6c6c3ade
- name: github.com/mattn/go-isatty
  version: 6ca4dbf54d38eea1a992b3c722a76a5d1c4cb25c
- name: github.com/modern-go/concurrent
  version: bacd9c7ef1dd9b15be4a9909b8ac7a4e313eec94
- name: github.com/modern-go/reflect2
  version: 05fbef0ca5da472bbf96c9322b84a53edc03c9fd
- name: github.com/peterbourgon/diskv
  version: 5f041e8faa004a95c88a202771f4cc3e991971e6
- name: github.com/philips/go-bindata-assetfs
  version: 3dcc96556217539f50599357fb481ac0dc7439b9
- name: github.com/sirupsen/logrus
  version: 91da99df23e3bad7f384338a5a8f636d04093d9a
- name: golang.org/x/crypto
  version: c3a3ad6d03f7a915c0f7e194b7152974bb73d287
  subpackages:
  - curve25519
  - ed25519
  - ed25519/internal/edwards25519
  - internal/chacha20
  - poly1305
  - ssh
  - ssh/terminal
- name: golang.org/x/net
  version: 92b859f39abd2d91a854c9f9c4621b2f5054a92d
  subpackages:
  - context
  - http2
  - http2/hpack
  - idna
  - internal/timeseries
  - lex/httplex
  - trace
- name: golang.org/x/sys
  version: d8e400bc7db4870d786864138af681469693d18c
  subpackages:
  - unix
  - windows
- name: golang.org/x/text
  version: f21a4dfb5e38f5895301dc265a8def02365cc3d0
  subpackages:
  - secure/bidirule
  - transform
  - unicode/bidi
  - unicode/norm
- name: golang.org/x/time
  version: 26559e0f760e39c24d730d3224364aef164ee23f
  subpackages:
  - rate
- name: google.golang.org/genproto
  version: 09f6ed296fc66555a25fe4ce95173148778dfa85
  subpackages:
  - googleapis/api/annotations
  - googleapis/rpc/status
- name: google.golang.org/grpc
  version: 168a6198bcb0ef175f7dacec0b8691fc141dc9b8
  subpackages:
  - balancer
  - balancer/base
  - balancer/roundrobin
  - codes
  - connectivity
  - credentials
  - encoding
  - encoding/proto
  - grpclog
  - internal
  - internal/backoff
  - internal/channelz
  - internal/grpcrand
  - keepalive
  - metadata
  - naming
  - peer
  - resolver
  - resolver/dns
  - resolver/passthrough
  - stats
  - status
  - tap
  - transport
- name: gopkg.in/inf.v0
  version: 3887ee99ecf07df5b447e9b00d9c0b2adaa9f3e4
- name: gopkg.in/yaml.v2
  version: 5420a8b6744d3b0345ab293f6fcba19c978f1183
- name: k8s.io/api
  version: 2d6f90ab1293a1fb871cf149423ebb72aa7423aa
  subpackages:
  - admissionregistration/v1alpha1
  - admissionregistration/v1beta1
  - apps/v1
  - apps/v1beta1
  - apps/v1beta2
  - authentication/v1
  - authentication/v1beta1
  - authorization/v1
  - authorization/v1beta1
  - autoscaling/v1
  - autoscaling/v2beta1
  - batch/v1
  - batch/v1beta1
  - batch/v2alpha1
  - certificates/v1beta1
  - core/v1
  - events/v1beta1
  - extensions/v1beta1
  - imagepolicy/v1alpha1
  - networking/v1
  - policy/v1beta1
  - rbac/v1
  - rbac/v1alpha1
  - rbac/v1beta1
  - scheduling/v1alpha1
  - scheduling/v1beta1
  - settings/v1alpha1
  - storage/v1
  - storage/v1alpha1
  - storage/v1beta1
- name: k8s.io/apiextensions-apiserver
  version: 06dfdaae5c2bd89e1243151ff65b9bf8ee050f28
  subpackages:
  - pkg/apis/apiextensions
  - pkg/apis/apiextensions/v1beta1
  - pkg/client/clientset/clientset
  - pkg/client/clientset/clientset/scheme
  - pkg/client/clientset/clientset/typed/apiextensions/v1beta1
- name: k8s.io/apimachinery
  version: 103fd098999dc9c0c88536f5c9ad2e5da39373ae
  subpackages:
  - pkg/api/errors
  - pkg/api/meta
  - pkg/api/resource
  - pkg/apis/meta/internalversion
  - pkg/apis/meta/v1
  - pkg/apis/meta/v1/unstructured
  - pkg/apis/meta/v1beta1
  - pkg/conversion
  - pkg/conversion/queryparams
  - pkg/fields
  - pkg/labels
  - pkg/runtime
  - pkg/runtime/schema
  - pkg/runtime/serializer
  - pkg/runtime/serializer/json
  - pkg/runtime/serializer/protobuf
  - pkg/runtime/serializer/recognizer
  - pkg/runtime/serializer/streaming
  - pkg/runtime/serializer/versioning
  - pkg/selection
  - pkg/types
  - pkg/util/cache
  - pkg/util/clock
  - pkg/util/diff
  - pkg/util/errors
  - pkg/util/framer
  - pkg/util/intstr
  - pkg/util/json
  - pkg/util/mergepatch
  - pkg/util/net
  - pkg/util/runtime
  - pkg/util/sets
  - pkg/util/strategicpatch
  - pkg/util/validation
  - pkg/util/validation/field
  - pkg/util/wait
  - pkg/util/yaml
  - pkg/version
  - pkg/watch
  - third_party/forked/golang/json
  - third_party/forked/golang/reflect
- name: k8s.io/client-go
  version: 59698c7d9724b0f95f9dc9e7f7dfdcc3dfeceb82
  subpackages:
  - discovery
  - discovery/fake
  - kubernetes/scheme
  - kubernetes/typed/batch/v1
  - kubernetes/typed/core/v1
  - kubernetes/typed/extensions/v1beta1
  - kubernetes/typed/networking/v1
  - pkg/apis/clientauthentication
  - pkg/apis/clientauthentication/v1alpha1
  - pkg/apis/clientauthentication/v1beta1
  - pkg/version
  - plugin/pkg/client/auth/exec
  - rest
  - rest/watch
  - testing
  - tools/cache
  - tools/clientcmd/api
  - tools/metrics
  - tools/pager
  - tools/reference
  - transport
  - util/buffer
  - util/cert
  - util/connrotation
  - util/flowcontrol
  - util/integer
  - util/retry
- name: k8s.io/code-generator
  version: 405721ab9678fde04d78961eec9498820d80408d
- name: k8s.io/gengo
  version: fd15ee9cc2f77baa4f31e59e6acbf21146455073
- name: k8s.io/kube-openapi
  version: 91cfa479c814065e420cee7ed227db0f63a5854e
  subpackages:
  - pkg/util/proto
testImports: []
